{
  "object": {
    "pins": [
      {
        "package": "LBTATools",
        "repositoryURL": "https://github.com/bhlvoong/LBTATools",
        "state": {
          "branch": null,
          "revision": "dce147bfbdc0417a4b430ec220c088629e9dc81d",
          "version": "1.0.17"
        }
      },
      {
        "package": "SDWebImage",
        "repositoryURL": "https://github.com/SDWebImage/SDWebImage",
        "state": {
          "branch": null,
          "revision": "f876da50318666141d72963e1568afee6f84f008",
          "version": "5.8.3"
        }
      }
    ]
  },
  "version": 1
}
