// !$*UTF8*$!
{
	archiveVersion = 1;
	classes = {
	};
	objectVersion = 52;
	objects = {

/* Begin PBXBuildFile section */
		430504EC24B2005A00377096 /* AboutViewController.swift in Sources */ = {isa = PBXBuildFile; fileRef = 430504EB24B2005A00377096 /* AboutViewController.swift */; };
		430504EE24B20C8E00377096 /* DetailViewController.swift in Sources */ = {isa = PBXBuildFile; fileRef = 430504ED24B20C8E00377096 /* DetailViewController.swift */; };
		430504F024B20E8300377096 /* GameDetailResponse.swift in Sources */ = {isa = PBXBuildFile; fileRef = 430504EF24B20E8300377096 /* GameDetailResponse.swift */; };
		430D17A424AD09410068B85C /* GameResponse.swift in Sources */ = {isa = PBXBuildFile; fileRef = 430D17A324AD09410068B85C /* GameResponse.swift */; };
		432AFC5A24B367BB00DEF6BA /* DetailTableCell.swift in Sources */ = {isa = PBXBuildFile; fileRef = 432AFC5924B367BB00DEF6BA /* DetailTableCell.swift */; };
		4342B59824B4C9560017B417 /* StringExtension.swift in Sources */ = {isa = PBXBuildFile; fileRef = 4342B59724B4C9560017B417 /* StringExtension.swift */; };
		4342B59B24B4CAE60017B417 /* CustomProgressView.swift in Sources */ = {isa = PBXBuildFile; fileRef = 4342B59A24B4CAE60017B417 /* CustomProgressView.swift */; };
		4342B59D24B4D0FB0017B417 /* UIBarButtonItem+Button.swift in Sources */ = {isa = PBXBuildFile; fileRef = 4342B59C24B4D0FB0017B417 /* UIBarButtonItem+Button.swift */; };
		4347EBCE24AE004B007EB88D /* UIViewController+LoadingIndicator.swift in Sources */ = {isa = PBXBuildFile; fileRef = 4347EBCD24AE004B007EB88D /* UIViewController+LoadingIndicator.swift */; };
		4347EBD024AE142C007EB88D /* UIImageViewExtension.swift in Sources */ = {isa = PBXBuildFile; fileRef = 4347EBCF24AE142C007EB88D /* UIImageViewExtension.swift */; };
		4347EBD324AE153B007EB88D /* SDWebImage in Frameworks */ = {isa = PBXBuildFile; productRef = 4347EBD224AE153B007EB88D /* SDWebImage */; };
		4347EBD524AE1B7F007EB88D /* UIColorExtension.swift in Sources */ = {isa = PBXBuildFile; fileRef = 4347EBD424AE1B7F007EB88D /* UIColorExtension.swift */; };
		4347EBD724AE29D3007EB88D /* UIViewExtension.swift in Sources */ = {isa = PBXBuildFile; fileRef = 4347EBD624AE29D3007EB88D /* UIViewExtension.swift */; };
		4347EBD924AE4846007EB88D /* MainHeaderViewController.swift in Sources */ = {isa = PBXBuildFile; fileRef = 4347EBD824AE4846007EB88D /* MainHeaderViewController.swift */; };
		4347EBDC24AE4A22007EB88D /* Constants.swift in Sources */ = {isa = PBXBuildFile; fileRef = 4347EBDB24AE4A22007EB88D /* Constants.swift */; };
		43542C8324B03E6D0046146C /* ListDeveloperResponse.swift in Sources */ = {isa = PBXBuildFile; fileRef = 43542C8224B03E6D0046146C /* ListDeveloperResponse.swift */; };
		43542C8524B040E80046146C /* GameHeaderCell.swift in Sources */ = {isa = PBXBuildFile; fileRef = 43542C8424B040E80046146C /* GameHeaderCell.swift */; };
		436DFC1924ACFCFE002F339C /* AppDelegate.swift in Sources */ = {isa = PBXBuildFile; fileRef = 436DFC1824ACFCFE002F339C /* AppDelegate.swift */; };
		436DFC1B24ACFCFE002F339C /* SceneDelegate.swift in Sources */ = {isa = PBXBuildFile; fileRef = 436DFC1A24ACFCFE002F339C /* SceneDelegate.swift */; };
		436DFC1F24ACFD02002F339C /* Assets.xcassets in Resources */ = {isa = PBXBuildFile; fileRef = 436DFC1E24ACFD02002F339C /* Assets.xcassets */; };
		436DFC2224ACFD02002F339C /* Preview Assets.xcassets in Resources */ = {isa = PBXBuildFile; fileRef = 436DFC2124ACFD02002F339C /* Preview Assets.xcassets */; };
		436DFC2524ACFD02002F339C /* LaunchScreen.storyboard in Resources */ = {isa = PBXBuildFile; fileRef = 436DFC2324ACFD02002F339C /* LaunchScreen.storyboard */; };
		436DFC2D24ACFD11002F339C /* MainViewController.swift in Sources */ = {isa = PBXBuildFile; fileRef = 436DFC2C24ACFD11002F339C /* MainViewController.swift */; };
		436DFC3324ACFD35002F339C /* ApiManager.swift in Sources */ = {isa = PBXBuildFile; fileRef = 436DFC3224ACFD35002F339C /* ApiManager.swift */; };
		436DFC3524ACFD4B002F339C /* RSError.swift in Sources */ = {isa = PBXBuildFile; fileRef = 436DFC3424ACFD4B002F339C /* RSError.swift */; };
		436DFC3824ACFD8A002F339C /* LBTATools in Frameworks */ = {isa = PBXBuildFile; productRef = 436DFC3724ACFD8A002F339C /* LBTATools */; };
		436DFC3A24ACFDD9002F339C /* GameListCell.swift in Sources */ = {isa = PBXBuildFile; fileRef = 436DFC3924ACFDD9002F339C /* GameListCell.swift */; };
		436DFC3C24ACFDED002F339C /* GameListHeader.swift in Sources */ = {isa = PBXBuildFile; fileRef = 436DFC3B24ACFDED002F339C /* GameListHeader.swift */; };
		438EF7B224B7449600B74FA2 /* MoreDetailViewController.swift in Sources */ = {isa = PBXBuildFile; fileRef = 438EF7B124B7449600B74FA2 /* MoreDetailViewController.swift */; };
		43B695E524B9839C006238E5 /* SearchViewController.swift in Sources */ = {isa = PBXBuildFile; fileRef = 43B695E424B9839C006238E5 /* SearchViewController.swift */; };
/* End PBXBuildFile section */

/* Begin PBXFileReference section */
		430504EB24B2005A00377096 /* AboutViewController.swift */ = {isa = PBXFileReference; lastKnownFileType = sourcecode.swift; path = AboutViewController.swift; sourceTree = "<group>"; };
		430504ED24B20C8E00377096 /* DetailViewController.swift */ = {isa = PBXFileReference; lastKnownFileType = sourcecode.swift; path = DetailViewController.swift; sourceTree = "<group>"; };
		430504EF24B20E8300377096 /* GameDetailResponse.swift */ = {isa = PBXFileReference; lastKnownFileType = sourcecode.swift; path = GameDetailResponse.swift; sourceTree = "<group>"; };
		430D17A324AD09410068B85C /* GameResponse.swift */ = {isa = PBXFileReference; lastKnownFileType = sourcecode.swift; path = GameResponse.swift; sourceTree = "<group>"; };
		432AFC5924B367BB00DEF6BA /* DetailTableCell.swift */ = {isa = PBXFileReference; lastKnownFileType = sourcecode.swift; path = DetailTableCell.swift; sourceTree = "<group>"; };
		4342B59724B4C9560017B417 /* StringExtension.swift */ = {isa = PBXFileReference; lastKnownFileType = sourcecode.swift; path = StringExtension.swift; sourceTree = "<group>"; };
		4342B59A24B4CAE60017B417 /* CustomProgressView.swift */ = {isa = PBXFileReference; lastKnownFileType = sourcecode.swift; path = CustomProgressView.swift; sourceTree = "<group>"; };
		4342B59C24B4D0FB0017B417 /* UIBarButtonItem+Button.swift */ = {isa = PBXFileReference; lastKnownFileType = sourcecode.swift; path = "UIBarButtonItem+Button.swift"; sourceTree = "<group>"; };
		4347EBCD24AE004B007EB88D /* UIViewController+LoadingIndicator.swift */ = {isa = PBXFileReference; lastKnownFileType = sourcecode.swift; path = "UIViewController+LoadingIndicator.swift"; sourceTree = "<group>"; };
		4347EBCF24AE142C007EB88D /* UIImageViewExtension.swift */ = {isa = PBXFileReference; lastKnownFileType = sourcecode.swift; path = UIImageViewExtension.swift; sourceTree = "<group>"; };
		4347EBD424AE1B7F007EB88D /* UIColorExtension.swift */ = {isa = PBXFileReference; lastKnownFileType = sourcecode.swift; path = UIColorExtension.swift; sourceTree = "<group>"; };
		4347EBD624AE29D3007EB88D /* UIViewExtension.swift */ = {isa = PBXFileReference; lastKnownFileType = sourcecode.swift; path = UIViewExtension.swift; sourceTree = "<group>"; };
		4347EBD824AE4846007EB88D /* MainHeaderViewController.swift */ = {isa = PBXFileReference; lastKnownFileType = sourcecode.swift; path = MainHeaderViewController.swift; sourceTree = "<group>"; };
		4347EBDB24AE4A22007EB88D /* Constants.swift */ = {isa = PBXFileReference; lastKnownFileType = sourcecode.swift; path = Constants.swift; sourceTree = "<group>"; };
		43542C8224B03E6D0046146C /* ListDeveloperResponse.swift */ = {isa = PBXFileReference; lastKnownFileType = sourcecode.swift; path = ListDeveloperResponse.swift; sourceTree = "<group>"; };
		43542C8424B040E80046146C /* GameHeaderCell.swift */ = {isa = PBXFileReference; lastKnownFileType = sourcecode.swift; path = GameHeaderCell.swift; sourceTree = "<group>"; };
		436DFC1524ACFCFE002F339C /* RS-Game-Catalogue.app */ = {isa = PBXFileReference; explicitFileType = wrapper.application; includeInIndex = 0; path = "RS-Game-Catalogue.app"; sourceTree = BUILT_PRODUCTS_DIR; };
		436DFC1824ACFCFE002F339C /* AppDelegate.swift */ = {isa = PBXFileReference; lastKnownFileType = sourcecode.swift; path = AppDelegate.swift; sourceTree = "<group>"; };
		436DFC1A24ACFCFE002F339C /* SceneDelegate.swift */ = {isa = PBXFileReference; lastKnownFileType = sourcecode.swift; path = SceneDelegate.swift; sourceTree = "<group>"; };
		436DFC1E24ACFD02002F339C /* Assets.xcassets */ = {isa = PBXFileReference; lastKnownFileType = folder.assetcatalog; path = Assets.xcassets; sourceTree = "<group>"; };
		436DFC2124ACFD02002F339C /* Preview Assets.xcassets */ = {isa = PBXFileReference; lastKnownFileType = folder.assetcatalog; path = "Preview Assets.xcassets"; sourceTree = "<group>"; };
		436DFC2424ACFD02002F339C /* Base */ = {isa = PBXFileReference; lastKnownFileType = file.storyboard; name = Base; path = Base.lproj/LaunchScreen.storyboard; sourceTree = "<group>"; };
		436DFC2624ACFD02002F339C /* Info.plist */ = {isa = PBXFileReference; lastKnownFileType = text.plist.xml; path = Info.plist; sourceTree = "<group>"; };
		436DFC2C24ACFD11002F339C /* MainViewController.swift */ = {isa = PBXFileReference; lastKnownFileType = sourcecode.swift; path = MainViewController.swift; sourceTree = "<group>"; };
		436DFC3224ACFD35002F339C /* ApiManager.swift */ = {isa = PBXFileReference; lastKnownFileType = sourcecode.swift; path = ApiManager.swift; sourceTree = "<group>"; };
		436DFC3424ACFD4B002F339C /* RSError.swift */ = {isa = PBXFileReference; lastKnownFileType = sourcecode.swift; path = RSError.swift; sourceTree = "<group>"; };
		436DFC3924ACFDD9002F339C /* GameListCell.swift */ = {isa = PBXFileReference; lastKnownFileType = sourcecode.swift; path = GameListCell.swift; sourceTree = "<group>"; };
		436DFC3B24ACFDED002F339C /* GameListHeader.swift */ = {isa = PBXFileReference; lastKnownFileType = sourcecode.swift; path = GameListHeader.swift; sourceTree = "<group>"; };
		438EF7B124B7449600B74FA2 /* MoreDetailViewController.swift */ = {isa = PBXFileReference; lastKnownFileType = sourcecode.swift; path = MoreDetailViewController.swift; sourceTree = "<group>"; };
		43B695E424B9839C006238E5 /* SearchViewController.swift */ = {isa = PBXFileReference; lastKnownFileType = sourcecode.swift; path = SearchViewController.swift; sourceTree = "<group>"; };
/* End PBXFileReference section */

/* Begin PBXFrameworksBuildPhase section */
		436DFC1224ACFCFE002F339C /* Frameworks */ = {
			isa = PBXFrameworksBuildPhase;
			buildActionMask = 2147483647;
			files = (
				4347EBD324AE153B007EB88D /* SDWebImage in Frameworks */,
				436DFC3824ACFD8A002F339C /* LBTATools in Frameworks */,
			);
			runOnlyForDeploymentPostprocessing = 0;
		};
/* End PBXFrameworksBuildPhase section */

/* Begin PBXGroup section */
		4342B59924B4CAD50017B417 /* CustomView */ = {
			isa = PBXGroup;
			children = (
				4342B59A24B4CAE60017B417 /* CustomProgressView.swift */,
			);
			path = CustomView;
			sourceTree = "<group>";
		};
		4347EBCC24ADFEEB007EB88D /* Helper */ = {
			isa = PBXGroup;
			children = (
				4347EBCD24AE004B007EB88D /* UIViewController+LoadingIndicator.swift */,
				4347EBCF24AE142C007EB88D /* UIImageViewExtension.swift */,
				4347EBD424AE1B7F007EB88D /* UIColorExtension.swift */,
				4347EBD624AE29D3007EB88D /* UIViewExtension.swift */,
				4342B59724B4C9560017B417 /* StringExtension.swift */,
				4342B59C24B4D0FB0017B417 /* UIBarButtonItem+Button.swift */,
			);
			path = Helper;
			sourceTree = "<group>";
		};
		4347EBDA24AE4A0E007EB88D /* Utility */ = {
			isa = PBXGroup;
			children = (
				4347EBDB24AE4A22007EB88D /* Constants.swift */,
			);
			path = Utility;
			sourceTree = "<group>";
		};
		436DFC0C24ACFCFE002F339C = {
			isa = PBXGroup;
			children = (
				436DFC1724ACFCFE002F339C /* RS-Game-Catalogue */,
				436DFC1624ACFCFE002F339C /* Products */,
			);
			sourceTree = "<group>";
		};
		436DFC1624ACFCFE002F339C /* Products */ = {
			isa = PBXGroup;
			children = (
				436DFC1524ACFCFE002F339C /* RS-Game-Catalogue.app */,
			);
			name = Products;
			sourceTree = "<group>";
		};
		436DFC1724ACFCFE002F339C /* RS-Game-Catalogue */ = {
			isa = PBXGroup;
			children = (
				4347EBDA24AE4A0E007EB88D /* Utility */,
				4347EBCC24ADFEEB007EB88D /* Helper */,
				436DFC3124ACFD26002F339C /* Networking */,
				436DFC3024ACFD22002F339C /* Model */,
				436DFC2F24ACFD1C002F339C /* View */,
				436DFC2E24ACFD15002F339C /* ViewController */,
				436DFC1824ACFCFE002F339C /* AppDelegate.swift */,
				436DFC1A24ACFCFE002F339C /* SceneDelegate.swift */,
				436DFC1E24ACFD02002F339C /* Assets.xcassets */,
				436DFC2324ACFD02002F339C /* LaunchScreen.storyboard */,
				436DFC2624ACFD02002F339C /* Info.plist */,
				436DFC2024ACFD02002F339C /* Preview Content */,
			);
			path = "RS-Game-Catalogue";
			sourceTree = "<group>";
		};
		436DFC2024ACFD02002F339C /* Preview Content */ = {
			isa = PBXGroup;
			children = (
				436DFC2124ACFD02002F339C /* Preview Assets.xcassets */,
			);
			path = "Preview Content";
			sourceTree = "<group>";
		};
		436DFC2E24ACFD15002F339C /* ViewController */ = {
			isa = PBXGroup;
			children = (
				436DFC2C24ACFD11002F339C /* MainViewController.swift */,
				4347EBD824AE4846007EB88D /* MainHeaderViewController.swift */,
				430504EB24B2005A00377096 /* AboutViewController.swift */,
				430504ED24B20C8E00377096 /* DetailViewController.swift */,
				438EF7B124B7449600B74FA2 /* MoreDetailViewController.swift */,
				43B695E424B9839C006238E5 /* SearchViewController.swift */,
			);
			path = ViewController;
			sourceTree = "<group>";
		};
		436DFC2F24ACFD1C002F339C /* View */ = {
			isa = PBXGroup;
			children = (
				4342B59924B4CAD50017B417 /* CustomView */,
				436DFC3924ACFDD9002F339C /* GameListCell.swift */,
				436DFC3B24ACFDED002F339C /* GameListHeader.swift */,
				43542C8424B040E80046146C /* GameHeaderCell.swift */,
				432AFC5924B367BB00DEF6BA /* DetailTableCell.swift */,
			);
			path = View;
			sourceTree = "<group>";
		};
		436DFC3024ACFD22002F339C /* Model */ = {
			isa = PBXGroup;
			children = (
				430D17A324AD09410068B85C /* GameResponse.swift */,
				43542C8224B03E6D0046146C /* ListDeveloperResponse.swift */,
				430504EF24B20E8300377096 /* GameDetailResponse.swift */,
			);
			path = Model;
			sourceTree = "<group>";
		};
		436DFC3124ACFD26002F339C /* Networking */ = {
			isa = PBXGroup;
			children = (
				436DFC3224ACFD35002F339C /* ApiManager.swift */,
				436DFC3424ACFD4B002F339C /* RSError.swift */,
			);
			path = Networking;
			sourceTree = "<group>";
		};
/* End PBXGroup section */

/* Begin PBXNativeTarget section */
		436DFC1424ACFCFE002F339C /* RS-Game-Catalogue */ = {
			isa = PBXNativeTarget;
			buildConfigurationList = 436DFC2924ACFD02002F339C /* Build configuration list for PBXNativeTarget "RS-Game-Catalogue" */;
			buildPhases = (
				436DFC1124ACFCFE002F339C /* Sources */,
				436DFC1224ACFCFE002F339C /* Frameworks */,
				436DFC1324ACFCFE002F339C /* Resources */,
			);
			buildRules = (
			);
			dependencies = (
			);
			name = "RS-Game-Catalogue";
			packageProductDependencies = (
				436DFC3724ACFD8A002F339C /* LBTATools */,
				4347EBD224AE153B007EB88D /* SDWebImage */,
			);
			productName = "RS-Game-Catalogue";
			productReference = 436DFC1524ACFCFE002F339C /* RS-Game-Catalogue.app */;
			productType = "com.apple.product-type.application";
		};
/* End PBXNativeTarget section */

/* Begin PBXProject section */
		436DFC0D24ACFCFE002F339C /* Project object */ = {
			isa = PBXProject;
			attributes = {
				LastSwiftUpdateCheck = 1150;
				LastUpgradeCheck = 1150;
				ORGANIZATIONNAME = github.com/sseno;
				TargetAttributes = {
					436DFC1424ACFCFE002F339C = {
						CreatedOnToolsVersion = 11.5;
					};
				};
			};
			buildConfigurationList = 436DFC1024ACFCFE002F339C /* Build configuration list for PBXProject "RS-Game-Catalogue" */;
			compatibilityVersion = "Xcode 9.3";
			developmentRegion = en;
			hasScannedForEncodings = 0;
			knownRegions = (
				en,
				Base,
			);
			mainGroup = 436DFC0C24ACFCFE002F339C;
			packageReferences = (
				436DFC3624ACFD8A002F339C /* XCRemoteSwiftPackageReference "LBTATools" */,
				4347EBD124AE153B007EB88D /* XCRemoteSwiftPackageReference "SDWebImage" */,
			);
			productRefGroup = 436DFC1624ACFCFE002F339C /* Products */;
			projectDirPath = "";
			projectRoot = "";
			targets = (
				436DFC1424ACFCFE002F339C /* RS-Game-Catalogue */,
			);
		};
/* End PBXProject section */

/* Begin PBXResourcesBuildPhase section */
		436DFC1324ACFCFE002F339C /* Resources */ = {
			isa = PBXResourcesBuildPhase;
			buildActionMask = 2147483647;
			files = (
				436DFC2524ACFD02002F339C /* LaunchScreen.storyboard in Resources */,
				436DFC2224ACFD02002F339C /* Preview Assets.xcassets in Resources */,
				436DFC1F24ACFD02002F339C /* Assets.xcassets in Resources */,
			);
			runOnlyForDeploymentPostprocessing = 0;
		};
/* End PBXResourcesBuildPhase section */

/* Begin PBXSourcesBuildPhase section */
		436DFC1124ACFCFE002F339C /* Sources */ = {
			isa = PBXSourcesBuildPhase;
			buildActionMask = 2147483647;
			files = (
				436DFC1924ACFCFE002F339C /* AppDelegate.swift in Sources */,
				4347EBCE24AE004B007EB88D /* UIViewController+LoadingIndicator.swift in Sources */,
				432AFC5A24B367BB00DEF6BA /* DetailTableCell.swift in Sources */,
				436DFC1B24ACFCFE002F339C /* SceneDelegate.swift in Sources */,
				436DFC3A24ACFDD9002F339C /* GameListCell.swift in Sources */,
				4342B59D24B4D0FB0017B417 /* UIBarButtonItem+Button.swift in Sources */,
				438EF7B224B7449600B74FA2 /* MoreDetailViewController.swift in Sources */,
				436DFC3324ACFD35002F339C /* ApiManager.swift in Sources */,
				4347EBDC24AE4A22007EB88D /* Constants.swift in Sources */,
				430504F024B20E8300377096 /* GameDetailResponse.swift in Sources */,
				4342B59824B4C9560017B417 /* StringExtension.swift in Sources */,
				43542C8324B03E6D0046146C /* ListDeveloperResponse.swift in Sources */,
				4347EBD924AE4846007EB88D /* MainHeaderViewController.swift in Sources */,
				43542C8524B040E80046146C /* GameHeaderCell.swift in Sources */,
				430504EE24B20C8E00377096 /* DetailViewController.swift in Sources */,
				4347EBD024AE142C007EB88D /* UIImageViewExtension.swift in Sources */,
				4342B59B24B4CAE60017B417 /* CustomProgressView.swift in Sources */,
				436DFC2D24ACFD11002F339C /* MainViewController.swift in Sources */,
				430504EC24B2005A00377096 /* AboutViewController.swift in Sources */,
				436DFC3C24ACFDED002F339C /* GameListHeader.swift in Sources */,
				4347EBD724AE29D3007EB88D /* UIViewExtension.swift in Sources */,
				436DFC3524ACFD4B002F339C /* RSError.swift in Sources */,
				430D17A424AD09410068B85C /* GameResponse.swift in Sources */,
				4347EBD524AE1B7F007EB88D /* UIColorExtension.swift in Sources */,
				43B695E524B9839C006238E5 /* SearchViewController.swift in Sources */,
			);
			runOnlyForDeploymentPostprocessing = 0;
		};
/* End PBXSourcesBuildPhase section */

/* Begin PBXVariantGroup section */
		436DFC2324ACFD02002F339C /* LaunchScreen.storyboard */ = {
			isa = PBXVariantGroup;
			children = (
				436DFC2424ACFD02002F339C /* Base */,
			);
			name = LaunchScreen.storyboard;
			sourceTree = "<group>";
		};
/* End PBXVariantGroup section */

/* Begin XCBuildConfiguration section */
		436DFC2724ACFD02002F339C /* Debug */ = {
			isa = XCBuildConfiguration;
			buildSettings = {
				ALWAYS_SEARCH_USER_PATHS = NO;
				CLANG_ANALYZER_NONNULL = YES;
				CLANG_ANALYZER_NUMBER_OBJECT_CONVERSION = YES_AGGRESSIVE;
				CLANG_CXX_LANGUAGE_STANDARD = "gnu++14";
				CLANG_CXX_LIBRARY = "libc++";
				CLANG_ENABLE_MODULES = YES;
				CLANG_ENABLE_OBJC_ARC = YES;
				CLANG_ENABLE_OBJC_WEAK = YES;
				CLANG_WARN_BLOCK_CAPTURE_AUTORELEASING = YES;
				CLANG_WARN_BOOL_CONVERSION = YES;
				CLANG_WARN_COMMA = YES;
				CLANG_WARN_CONSTANT_CONVERSION = YES;
				CLANG_WARN_DEPRECATED_OBJC_IMPLEMENTATIONS = YES;
				CLANG_WARN_DIRECT_OBJC_ISA_USAGE = YES_ERROR;
				CLANG_WARN_DOCUMENTATION_COMMENTS = YES;
				CLANG_WARN_EMPTY_BODY = YES;
				CLANG_WARN_ENUM_CONVERSION = YES;
				CLANG_WARN_INFINITE_RECURSION = YES;
				CLANG_WARN_INT_CONVERSION = YES;
				CLANG_WARN_NON_LITERAL_NULL_CONVERSION = YES;
				CLANG_WARN_OBJC_IMPLICIT_RETAIN_SELF = YES;
				CLANG_WARN_OBJC_LITERAL_CONVERSION = YES;
				CLANG_WARN_OBJC_ROOT_CLASS = YES_ERROR;
				CLANG_WARN_RANGE_LOOP_ANALYSIS = YES;
				CLANG_WARN_STRICT_PROTOTYPES = YES;
				CLANG_WARN_SUSPICIOUS_MOVE = YES;
				CLANG_WARN_UNGUARDED_AVAILABILITY = YES_AGGRESSIVE;
				CLANG_WARN_UNREACHABLE_CODE = YES;
				CLANG_WARN__DUPLICATE_METHOD_MATCH = YES;
				COPY_PHASE_STRIP = NO;
				DEBUG_INFORMATION_FORMAT = dwarf;
				ENABLE_STRICT_OBJC_MSGSEND = YES;
				ENABLE_TESTABILITY = YES;
				GCC_C_LANGUAGE_STANDARD = gnu11;
				GCC_DYNAMIC_NO_PIC = NO;
				GCC_NO_COMMON_BLOCKS = YES;
				GCC_OPTIMIZATION_LEVEL = 0;
				GCC_PREPROCESSOR_DEFINITIONS = (
					"DEBUG=1",
					"$(inherited)",
				);
				GCC_WARN_64_TO_32_BIT_CONVERSION = YES;
				GCC_WARN_ABOUT_RETURN_TYPE = YES_ERROR;
				GCC_WARN_UNDECLARED_SELECTOR = YES;
				GCC_WARN_UNINITIALIZED_AUTOS = YES_AGGRESSIVE;
				GCC_WARN_UNUSED_FUNCTION = YES;
				GCC_WARN_UNUSED_VARIABLE = YES;
				IPHONEOS_DEPLOYMENT_TARGET = 13.5;
				MTL_ENABLE_DEBUG_INFO = INCLUDE_SOURCE;
				MTL_FAST_MATH = YES;
				ONLY_ACTIVE_ARCH = YES;
				SDKROOT = iphoneos;
				SWIFT_ACTIVE_COMPILATION_CONDITIONS = DEBUG;
				SWIFT_OPTIMIZATION_LEVEL = "-Onone";
			};
			name = Debug;
		};
		436DFC2824ACFD02002F339C /* Release */ = {
			isa = XCBuildConfiguration;
			buildSettings = {
				ALWAYS_SEARCH_USER_PATHS = NO;
				CLANG_ANALYZER_NONNULL = YES;
				CLANG_ANALYZER_NUMBER_OBJECT_CONVERSION = YES_AGGRESSIVE;
				CLANG_CXX_LANGUAGE_STANDARD = "gnu++14";
				CLANG_CXX_LIBRARY = "libc++";
				CLANG_ENABLE_MODULES = YES;
				CLANG_ENABLE_OBJC_ARC = YES;
				CLANG_ENABLE_OBJC_WEAK = YES;
				CLANG_WARN_BLOCK_CAPTURE_AUTORELEASING = YES;
				CLANG_WARN_BOOL_CONVERSION = YES;
				CLANG_WARN_COMMA = YES;
				CLANG_WARN_CONSTANT_CONVERSION = YES;
				CLANG_WARN_DEPRECATED_OBJC_IMPLEMENTATIONS = YES;
				CLANG_WARN_DIRECT_OBJC_ISA_USAGE = YES_ERROR;
				CLANG_WARN_DOCUMENTATION_COMMENTS = YES;
				CLANG_WARN_EMPTY_BODY = YES;
				CLANG_WARN_ENUM_CONVERSION = YES;
				CLANG_WARN_INFINITE_RECURSION = YES;
				CLANG_WARN_INT_CONVERSION = YES;
				CLANG_WARN_NON_LITERAL_NULL_CONVERSION = YES;
				CLANG_WARN_OBJC_IMPLICIT_RETAIN_SELF = YES;
				CLANG_WARN_OBJC_LITERAL_CONVERSION = YES;
				CLANG_WARN_OBJC_ROOT_CLASS = YES_ERROR;
				CLANG_WARN_RANGE_LOOP_ANALYSIS = YES;
				CLANG_WARN_STRICT_PROTOTYPES = YES;
				CLANG_WARN_SUSPICIOUS_MOVE = YES;
				CLANG_WARN_UNGUARDED_AVAILABILITY = YES_AGGRESSIVE;
				CLANG_WARN_UNREACHABLE_CODE = YES;
				CLANG_WARN__DUPLICATE_METHOD_MATCH = YES;
				COPY_PHASE_STRIP = NO;
				DEBUG_INFORMATION_FORMAT = "dwarf-with-dsym";
				ENABLE_NS_ASSERTIONS = NO;
				ENABLE_STRICT_OBJC_MSGSEND = YES;
				GCC_C_LANGUAGE_STANDARD = gnu11;
				GCC_NO_COMMON_BLOCKS = YES;
				GCC_WARN_64_TO_32_BIT_CONVERSION = YES;
				GCC_WARN_ABOUT_RETURN_TYPE = YES_ERROR;
				GCC_WARN_UNDECLARED_SELECTOR = YES;
				GCC_WARN_UNINITIALIZED_AUTOS = YES_AGGRESSIVE;
				GCC_WARN_UNUSED_FUNCTION = YES;
				GCC_WARN_UNUSED_VARIABLE = YES;
				IPHONEOS_DEPLOYMENT_TARGET = 13.5;
				MTL_ENABLE_DEBUG_INFO = NO;
				MTL_FAST_MATH = YES;
				SDKROOT = iphoneos;
				SWIFT_COMPILATION_MODE = wholemodule;
				SWIFT_OPTIMIZATION_LEVEL = "-O";
				VALIDATE_PRODUCT = YES;
			};
			name = Release;
		};
		436DFC2A24ACFD02002F339C /* Debug */ = {
			isa = XCBuildConfiguration;
			buildSettings = {
				ASSETCATALOG_COMPILER_APPICON_NAME = AppIcon;
				CODE_SIGN_STYLE = Automatic;
				DEVELOPMENT_ASSET_PATHS = "\"RS-Game-Catalogue/Preview Content\"";
				DEVELOPMENT_TEAM = CG2WD4B4G7;
				ENABLE_PREVIEWS = YES;
				INFOPLIST_FILE = "RS-Game-Catalogue/Info.plist";
				LD_RUNPATH_SEARCH_PATHS = (
					"$(inherited)",
					"@executable_path/Frameworks",
				);
				PRODUCT_BUNDLE_IDENTIFIER = "com.rohmatsusenoid.RS-Game-Catalogue";
				PRODUCT_NAME = "$(TARGET_NAME)";
				SWIFT_VERSION = 5.0;
				TARGETED_DEVICE_FAMILY = 1;
			};
			name = Debug;
		};
		436DFC2B24ACFD02002F339C /* Release */ = {
			isa = XCBuildConfiguration;
			buildSettings = {
				ASSETCATALOG_COMPILER_APPICON_NAME = AppIcon;
				CODE_SIGN_STYLE = Automatic;
				DEVELOPMENT_ASSET_PATHS = "\"RS-Game-Catalogue/Preview Content\"";
				DEVELOPMENT_TEAM = CG2WD4B4G7;
				ENABLE_PREVIEWS = YES;
				INFOPLIST_FILE = "RS-Game-Catalogue/Info.plist";
				LD_RUNPATH_SEARCH_PATHS = (
					"$(inherited)",
					"@executable_path/Frameworks",
				);
				PRODUCT_BUNDLE_IDENTIFIER = "com.rohmatsusenoid.RS-Game-Catalogue";
				PRODUCT_NAME = "$(TARGET_NAME)";
				SWIFT_VERSION = 5.0;
				TARGETED_DEVICE_FAMILY = 1;
			};
			name = Release;
		};
/* End XCBuildConfiguration section */

/* Begin XCConfigurationList section */
		436DFC1024ACFCFE002F339C /* Build configuration list for PBXProject "RS-Game-Catalogue" */ = {
			isa = XCConfigurationList;
			buildConfigurations = (
				436DFC2724ACFD02002F339C /* Debug */,
				436DFC2824ACFD02002F339C /* Release */,
			);
			defaultConfigurationIsVisible = 0;
			defaultConfigurationName = Release;
		};
		436DFC2924ACFD02002F339C /* Build configuration list for PBXNativeTarget "RS-Game-Catalogue" */ = {
			isa = XCConfigurationList;
			buildConfigurations = (
				436DFC2A24ACFD02002F339C /* Debug */,
				436DFC2B24ACFD02002F339C /* Release */,
			);
			defaultConfigurationIsVisible = 0;
			defaultConfigurationName = Release;
		};
/* End XCConfigurationList section */

/* Begin XCRemoteSwiftPackageReference section */
		4347EBD124AE153B007EB88D /* XCRemoteSwiftPackageReference "SDWebImage" */ = {
			isa = XCRemoteSwiftPackageReference;
			repositoryURL = "https://github.com/SDWebImage/SDWebImage";
			requirement = {
				kind = upToNextMajorVersion;
				minimumVersion = 5.8.3;
			};
		};
		436DFC3624ACFD8A002F339C /* XCRemoteSwiftPackageReference "LBTATools" */ = {
			isa = XCRemoteSwiftPackageReference;
			repositoryURL = "https://github.com/bhlvoong/LBTATools";
			requirement = {
				kind = upToNextMajorVersion;
				minimumVersion = 1.0.17;
			};
		};
/* End XCRemoteSwiftPackageReference section */

/* Begin XCSwiftPackageProductDependency section */
		4347EBD224AE153B007EB88D /* SDWebImage */ = {
			isa = XCSwiftPackageProductDependency;
			package = 4347EBD124AE153B007EB88D /* XCRemoteSwiftPackageReference "SDWebImage" */;
			productName = SDWebImage;
		};
		436DFC3724ACFD8A002F339C /* LBTATools */ = {
			isa = XCSwiftPackageProductDependency;
			package = 436DFC3624ACFD8A002F339C /* XCRemoteSwiftPackageReference "LBTATools" */;
			productName = LBTATools;
		};
/* End XCSwiftPackageProductDependency section */
	};
	rootObject = 436DFC0D24ACFCFE002F339C /* Project object */;
}
